
Microsoft Visual Studio Solution File, Format Version 11.00
# Visual Studio 2010
Project("{FAE04EC0-301F-11D3-BF4B-00C04F79EFBC}") = "TerrainDisplay", "TerrainDisplay\TerrainDisplay.csproj", "{B59C21AA-8AB5-439B-AABA-FEB03EFF251A}"
	ProjectSection(ProjectDependencies) = postProject
		{50901DA0-6AAE-402B-9BD1-0FF9BA36546C} = {50901DA0-6AAE-402B-9BD1-0FF9BA36546C}
		{CEF242C5-E9A3-403B-BAFF-99397BDA5730} = {CEF242C5-E9A3-403B-BAFF-99397BDA5730}
	EndProjectSection
EndProject
Project("{8BC9CEB8-8B4A-11D0-8D11-00A0C91BC942}") = "Recast", "..\Recast\RecastDemo\Build\VC9\Recast.vcxproj", "{CEF242C5-E9A3-403B-BAFF-99397BDA5730}"
EndProject
Project("{8BC9CEB8-8B4A-11D0-8D11-00A0C91BC942}") = "Recast.Exec", "..\Recast\RecastDemo\Build\Executable\Executable.vcxproj", "{50901DA0-6AAE-402B-9BD1-0FF9BA36546C}"
	ProjectSection(ProjectDependencies) = postProject
		{CEF242C5-E9A3-403B-BAFF-99397BDA5730} = {CEF242C5-E9A3-403B-BAFF-99397BDA5730}
	EndProjectSection
EndProject
Project("{FAE04EC0-301F-11D3-BF4B-00C04F79EFBC}") = "Terra", "Terra\Terra.csproj", "{1E90346C-7D04-4D97-8399-397B2E7DD0D6}"
EndProject
Project("{FAE04EC0-301F-11D3-BF4B-00C04F79EFBC}") = "TerrainExtractor", "TerrainExtractor\TerrainExtractor.csproj", "{B02815C5-A0CB-443F-A005-8AC8F8F2D3EB}"
EndProject
Global
	GlobalSection(SolutionConfigurationPlatforms) = preSolution
		Debug|Any CPU = Debug|Any CPU
		Debug|Itanium = Debug|Itanium
		Debug|Mixed Platforms = Debug|Mixed Platforms
		Debug|Win32 = Debug|Win32
		Debug|x64 = Debug|x64
		Debug|x86 = Debug|x86
		Release|Any CPU = Release|Any CPU
		Release|Itanium = Release|Itanium
		Release|Mixed Platforms = Release|Mixed Platforms
		Release|Win32 = Release|Win32
		Release|x64 = Release|x64
		Release|x86 = Release|x86
	EndGlobalSection
	GlobalSection(ProjectConfigurationPlatforms) = postSolution
		{B59C21AA-8AB5-439B-AABA-FEB03EFF251A}.Debug|Any CPU.ActiveCfg = Debug|x86
		{B59C21AA-8AB5-439B-AABA-FEB03EFF251A}.Debug|Any CPU.Build.0 = Debug|x86
		{B59C21AA-8AB5-439B-AABA-FEB03EFF251A}.Debug|Itanium.ActiveCfg = Debug|x86
		{B59C21AA-8AB5-439B-AABA-FEB03EFF251A}.Debug|Mixed Platforms.ActiveCfg = Debug|x86
		{B59C21AA-8AB5-439B-AABA-FEB03EFF251A}.Debug|Mixed Platforms.Build.0 = Debug|x86
		{B59C21AA-8AB5-439B-AABA-FEB03EFF251A}.Debug|Win32.ActiveCfg = Debug|x86
		{B59C21AA-8AB5-439B-AABA-FEB03EFF251A}.Debug|x64.ActiveCfg = Debug|x86
		{B59C21AA-8AB5-439B-AABA-FEB03EFF251A}.Debug|x86.ActiveCfg = Debug|x86
		{B59C21AA-8AB5-439B-AABA-FEB03EFF251A}.Debug|x86.Build.0 = Debug|x86
		{B59C21AA-8AB5-439B-AABA-FEB03EFF251A}.Release|Any CPU.ActiveCfg = Release|x86
		{B59C21AA-8AB5-439B-AABA-FEB03EFF251A}.Release|Itanium.ActiveCfg = Release|x86
		{B59C21AA-8AB5-439B-AABA-FEB03EFF251A}.Release|Mixed Platforms.ActiveCfg = Release|x86
		{B59C21AA-8AB5-439B-AABA-FEB03EFF251A}.Release|Mixed Platforms.Build.0 = Release|x86
		{B59C21AA-8AB5-439B-AABA-FEB03EFF251A}.Release|Win32.ActiveCfg = Release|x86
		{B59C21AA-8AB5-439B-AABA-FEB03EFF251A}.Release|x64.ActiveCfg = Release|x86
		{B59C21AA-8AB5-439B-AABA-FEB03EFF251A}.Release|x86.ActiveCfg = Release|x86
		{B59C21AA-8AB5-439B-AABA-FEB03EFF251A}.Release|x86.Build.0 = Release|x86
		{CEF242C5-E9A3-403B-BAFF-99397BDA5730}.Debug|Any CPU.ActiveCfg = Debug|Win32
		{CEF242C5-E9A3-403B-BAFF-99397BDA5730}.Debug|Any CPU.Build.0 = Debug|Win32
		{CEF242C5-E9A3-403B-BAFF-99397BDA5730}.Debug|Itanium.ActiveCfg = Debug|Win32
		{CEF242C5-E9A3-403B-BAFF-99397BDA5730}.Debug|Mixed Platforms.ActiveCfg = Debug|Win32
		{CEF242C5-E9A3-403B-BAFF-99397BDA5730}.Debug|Mixed Platforms.Build.0 = Debug|Win32
		{CEF242C5-E9A3-403B-BAFF-99397BDA5730}.Debug|Win32.ActiveCfg = Debug|Win32
		{CEF242C5-E9A3-403B-BAFF-99397BDA5730}.Debug|Win32.Build.0 = Debug|Win32
		{CEF242C5-E9A3-403B-BAFF-99397BDA5730}.Debug|x64.ActiveCfg = Debug|Win32
		{CEF242C5-E9A3-403B-BAFF-99397BDA5730}.Debug|x86.ActiveCfg = Debug|Win32
		{CEF242C5-E9A3-403B-BAFF-99397BDA5730}.Debug|x86.Build.0 = Debug|Win32
		{CEF242C5-E9A3-403B-BAFF-99397BDA5730}.Release|Any CPU.ActiveCfg = Release|Win32
		{CEF242C5-E9A3-403B-BAFF-99397BDA5730}.Release|Itanium.ActiveCfg = Release|Win32
		{CEF242C5-E9A3-403B-BAFF-99397BDA5730}.Release|Mixed Platforms.ActiveCfg = Release|Win32
		{CEF242C5-E9A3-403B-BAFF-99397BDA5730}.Release|Mixed Platforms.Build.0 = Release|Win32
		{CEF242C5-E9A3-403B-BAFF-99397BDA5730}.Release|Win32.ActiveCfg = Release|Win32
		{CEF242C5-E9A3-403B-BAFF-99397BDA5730}.Release|Win32.Build.0 = Release|Win32
		{CEF242C5-E9A3-403B-BAFF-99397BDA5730}.Release|x64.ActiveCfg = Release|Win32
		{CEF242C5-E9A3-403B-BAFF-99397BDA5730}.Release|x86.ActiveCfg = Release|Win32
		{50901DA0-6AAE-402B-9BD1-0FF9BA36546C}.Debug|Any CPU.ActiveCfg = Debug|Win32
		{50901DA0-6AAE-402B-9BD1-0FF9BA36546C}.Debug|Any CPU.Build.0 = Debug|Win32
		{50901DA0-6AAE-402B-9BD1-0FF9BA36546C}.Debug|Itanium.ActiveCfg = Debug|Win32
		{50901DA0-6AAE-402B-9BD1-0FF9BA36546C}.Debug|Mixed Platforms.ActiveCfg = Debug|Win32
		{50901DA0-6AAE-402B-9BD1-0FF9BA36546C}.Debug|Mixed Platforms.Build.0 = Debug|Win32
		{50901DA0-6AAE-402B-9BD1-0FF9BA36546C}.Debug|Win32.ActiveCfg = Debug|Win32
		{50901DA0-6AAE-402B-9BD1-0FF9BA36546C}.Debug|Win32.Build.0 = Debug|Win32
		{50901DA0-6AAE-402B-9BD1-0FF9BA36546C}.Debug|x64.ActiveCfg = Debug|Win32
		{50901DA0-6AAE-402B-9BD1-0FF9BA36546C}.Debug|x86.ActiveCfg = Debug|Win32
		{50901DA0-6AAE-402B-9BD1-0FF9BA36546C}.Debug|x86.Build.0 = Debug|Win32
		{50901DA0-6AAE-402B-9BD1-0FF9BA36546C}.Release|Any CPU.ActiveCfg = Release|Win32
		{50901DA0-6AAE-402B-9BD1-0FF9BA36546C}.Release|Itanium.ActiveCfg = Release|Win32
		{50901DA0-6AAE-402B-9BD1-0FF9BA36546C}.Release|Mixed Platforms.ActiveCfg = Release|Win32
		{50901DA0-6AAE-402B-9BD1-0FF9BA36546C}.Release|Mixed Platforms.Build.0 = Release|Win32
		{50901DA0-6AAE-402B-9BD1-0FF9BA36546C}.Release|Win32.ActiveCfg = Release|Win32
		{50901DA0-6AAE-402B-9BD1-0FF9BA36546C}.Release|Win32.Build.0 = Release|Win32
		{50901DA0-6AAE-402B-9BD1-0FF9BA36546C}.Release|x64.ActiveCfg = Release|Win32
		{50901DA0-6AAE-402B-9BD1-0FF9BA36546C}.Release|x86.ActiveCfg = Release|Win32
		{1E90346C-7D04-4D97-8399-397B2E7DD0D6}.Debug|Any CPU.ActiveCfg = Debug|Any CPU
		{1E90346C-7D04-4D97-8399-397B2E7DD0D6}.Debug|Any CPU.Build.0 = Debug|Any CPU
		{1E90346C-7D04-4D97-8399-397B2E7DD0D6}.Debug|Itanium.ActiveCfg = Debug|Any CPU
		{1E90346C-7D04-4D97-8399-397B2E7DD0D6}.Debug|Mixed Platforms.ActiveCfg = Debug|Any CPU
		{1E90346C-7D04-4D97-8399-397B2E7DD0D6}.Debug|Mixed Platforms.Build.0 = Debug|Any CPU
		{1E90346C-7D04-4D97-8399-397B2E7DD0D6}.Debug|Win32.ActiveCfg = Debug|Any CPU
		{1E90346C-7D04-4D97-8399-397B2E7DD0D6}.Debug|x64.ActiveCfg = Debug|Any CPU
		{1E90346C-7D04-4D97-8399-397B2E7DD0D6}.Debug|x86.ActiveCfg = Debug|Any CPU
		{1E90346C-7D04-4D97-8399-397B2E7DD0D6}.Release|Any CPU.ActiveCfg = Release|Any CPU
		{1E90346C-7D04-4D97-8399-397B2E7DD0D6}.Release|Any CPU.Build.0 = Release|Any CPU
		{1E90346C-7D04-4D97-8399-397B2E7DD0D6}.Release|Itanium.ActiveCfg = Release|Any CPU
		{1E90346C-7D04-4D97-8399-397B2E7DD0D6}.Release|Mixed Platforms.ActiveCfg = Release|Any CPU
		{1E90346C-7D04-4D97-8399-397B2E7DD0D6}.Release|Mixed Platforms.Build.0 = Release|Any CPU
		{1E90346C-7D04-4D97-8399-397B2E7DD0D6}.Release|Win32.ActiveCfg = Release|Any CPU
		{1E90346C-7D04-4D97-8399-397B2E7DD0D6}.Release|x64.ActiveCfg = Release|Any CPU
		{1E90346C-7D04-4D97-8399-397B2E7DD0D6}.Release|x86.ActiveCfg = Release|Any CPU
		{B02815C5-A0CB-443F-A005-8AC8F8F2D3EB}.Debug|Any CPU.ActiveCfg = Debug|x86
		{B02815C5-A0CB-443F-A005-8AC8F8F2D3EB}.Debug|Any CPU.Build.0 = Debug|x86
		{B02815C5-A0CB-443F-A005-8AC8F8F2D3EB}.Debug|Itanium.ActiveCfg = Debug|x86
		{B02815C5-A0CB-443F-A005-8AC8F8F2D3EB}.Debug|Mixed Platforms.ActiveCfg = Debug|x86
		{B02815C5-A0CB-443F-A005-8AC8F8F2D3EB}.Debug|Mixed Platforms.Build.0 = Debug|x86
		{B02815C5-A0CB-443F-A005-8AC8F8F2D3EB}.Debug|Win32.ActiveCfg = Debug|x86
		{B02815C5-A0CB-443F-A005-8AC8F8F2D3EB}.Debug|x64.ActiveCfg = Debug|x86
		{B02815C5-A0CB-443F-A005-8AC8F8F2D3EB}.Debug|x86.ActiveCfg = Debug|x86
		{B02815C5-A0CB-443F-A005-8AC8F8F2D3EB}.Debug|x86.Build.0 = Debug|x86
		{B02815C5-A0CB-443F-A005-8AC8F8F2D3EB}.Release|Any CPU.ActiveCfg = Release|x86
		{B02815C5-A0CB-443F-A005-8AC8F8F2D3EB}.Release|Itanium.ActiveCfg = Release|x86
		{B02815C5-A0CB-443F-A005-8AC8F8F2D3EB}.Release|Mixed Platforms.ActiveCfg = Release|x86
		{B02815C5-A0CB-443F-A005-8AC8F8F2D3EB}.Release|Mixed Platforms.Build.0 = Release|x86
		{B02815C5-A0CB-443F-A005-8AC8F8F2D3EB}.Release|Win32.ActiveCfg = Release|x86
		{B02815C5-A0CB-443F-A005-8AC8F8F2D3EB}.Release|x64.ActiveCfg = Release|x86
		{B02815C5-A0CB-443F-A005-8AC8F8F2D3EB}.Release|x86.ActiveCfg = Release|x86
		{B02815C5-A0CB-443F-A005-8AC8F8F2D3EB}.Release|x86.Build.0 = Release|x86
	EndGlobalSection
	GlobalSection(SolutionProperties) = preSolution
		HideSolutionNode = FALSE
	EndGlobalSection
EndGlobal
