
Microsoft Visual Studio Solution File, Format Version 11.00
# Visual Studio 2010
Project("{FAE04EC0-301F-11D3-BF4B-00C04F79EFBC}") = "Terra", "Terra\Terra.csproj", "{1E90346C-7D04-4D97-8399-397B2E7DD0D6}"
EndProject
Project("{8BC9CEB8-8B4A-11D0-8D11-00A0C91BC942}") = "Recast", "Recast\RecastDemo\Build\VC9\Recast.vcxproj", "{CEF242C5-E9A3-403B-BAFF-99397BDA5730}"
EndProject
Project("{FAE04EC0-301F-11D3-BF4B-00C04F79EFBC}") = "WCell.Constants", "..\Core\WCell.Constants\WCell.Constants.csproj", "{42F497A4-0347-491D-8FA8-50E4D8AD19EB}"
EndProject
Project("{2150E333-8FDC-42A3-9474-1A3956D46DE8}") = "WCell", "WCell", "{7B540487-37B6-47D6-A391-AA2F5AEC01FA}"
EndProject
Project("{FAE04EC0-301F-11D3-BF4B-00C04F79EFBC}") = "WCell.MPQTool", "..\Utilities\WCell.MPQTool\WCell.MPQTool.csproj", "{5F96293A-1276-4515-8048-EBC49CD81D71}"
EndProject
Project("{FAE04EC0-301F-11D3-BF4B-00C04F79EFBC}") = "WCell.Util", "..\Utilities\WCell.Util\WCell.Util.csproj", "{F753AF28-A251-4C12-9335-07E8236184F2}"
EndProject
Project("{2150E333-8FDC-42A3-9474-1A3956D46DE8}") = "Recast", "Recast", "{D2D4F191-F110-4644-B7D2-20F45692795B}"
EndProject
Project("{8BC9CEB8-8B4A-11D0-8D11-00A0C91BC942}") = "Recast.Exec", "Recast\RecastDemo\Build\Executable\Executable.vcxproj", "{50901DA0-6AAE-402B-9BD1-0FF9BA36546C}"
EndProject
Project("{FAE04EC0-301F-11D3-BF4B-00C04F79EFBC}") = "WCell.Terrain", "WCell.Terrain\WCell.Terrain.csproj", "{5F86593D-8412-46C2-9438-A0D7FE21DB14}"
EndProject
Project("{FAE04EC0-301F-11D3-BF4B-00C04F79EFBC}") = "WCell.Core", "..\Core\WCell.Core\WCell.Core.csproj", "{EEA9DEB6-8EA6-46F1-B1B7-AB38D8BBCA6C}"
EndProject
Project("{FAE04EC0-301F-11D3-BF4B-00C04F79EFBC}") = "WCell.RealmServer", "..\Services\WCell.RealmServer\WCell.RealmServer.csproj", "{A38FAA6D-86B5-4429-85D0-BC93EB5E2C56}"
EndProject
Project("{FAE04EC0-301F-11D3-BF4B-00C04F79EFBC}") = "WCell.Terrain.Extractor", "WCell.Terrain.Extractor\WCell.Terrain.Extractor.csproj", "{B02815C5-A0CB-443F-A005-8AC8F8F2D3EB}"
EndProject
Project("{FAE04EC0-301F-11D3-BF4B-00C04F79EFBC}") = "WCell.Addons.Terrain", "..\Addons\WCell.Addons.Terrain\WCell.Addons.Terrain.csproj", "{6C52AEC1-2920-4E34-83A2-93E6E719D1B8}"
EndProject
Global
	GlobalSection(SolutionConfigurationPlatforms) = preSolution
		Debug|Any CPU = Debug|Any CPU
		Debug|Itanium = Debug|Itanium
		Debug|Mixed Platforms = Debug|Mixed Platforms
		Debug|Win32 = Debug|Win32
		Debug|x64 = Debug|x64
		Debug|x86 = Debug|x86
		Release|Any CPU = Release|Any CPU
		Release|Itanium = Release|Itanium
		Release|Mixed Platforms = Release|Mixed Platforms
		Release|Win32 = Release|Win32
		Release|x64 = Release|x64
		Release|x86 = Release|x86
	EndGlobalSection
	GlobalSection(ProjectConfigurationPlatforms) = postSolution
		{1E90346C-7D04-4D97-8399-397B2E7DD0D6}.Debug|Any CPU.ActiveCfg = Debug|Any CPU
		{1E90346C-7D04-4D97-8399-397B2E7DD0D6}.Debug|Any CPU.Build.0 = Debug|Any CPU
		{1E90346C-7D04-4D97-8399-397B2E7DD0D6}.Debug|Itanium.ActiveCfg = Debug|Any CPU
		{1E90346C-7D04-4D97-8399-397B2E7DD0D6}.Debug|Mixed Platforms.ActiveCfg = Debug|Any CPU
		{1E90346C-7D04-4D97-8399-397B2E7DD0D6}.Debug|Mixed Platforms.Build.0 = Debug|Any CPU
		{1E90346C-7D04-4D97-8399-397B2E7DD0D6}.Debug|Win32.ActiveCfg = Debug|Any CPU
		{1E90346C-7D04-4D97-8399-397B2E7DD0D6}.Debug|x64.ActiveCfg = Debug|Any CPU
		{1E90346C-7D04-4D97-8399-397B2E7DD0D6}.Debug|x86.ActiveCfg = Debug|x86
		{1E90346C-7D04-4D97-8399-397B2E7DD0D6}.Release|Any CPU.ActiveCfg = Release|Any CPU
		{1E90346C-7D04-4D97-8399-397B2E7DD0D6}.Release|Any CPU.Build.0 = Release|Any CPU
		{1E90346C-7D04-4D97-8399-397B2E7DD0D6}.Release|Itanium.ActiveCfg = Release|Any CPU
		{1E90346C-7D04-4D97-8399-397B2E7DD0D6}.Release|Mixed Platforms.ActiveCfg = Release|Any CPU
		{1E90346C-7D04-4D97-8399-397B2E7DD0D6}.Release|Mixed Platforms.Build.0 = Release|Any CPU
		{1E90346C-7D04-4D97-8399-397B2E7DD0D6}.Release|Win32.ActiveCfg = Release|Any CPU
		{1E90346C-7D04-4D97-8399-397B2E7DD0D6}.Release|x64.ActiveCfg = Release|Any CPU
		{1E90346C-7D04-4D97-8399-397B2E7DD0D6}.Release|x86.ActiveCfg = Release|Any CPU
		{CEF242C5-E9A3-403B-BAFF-99397BDA5730}.Debug|Any CPU.ActiveCfg = Debug|Win32
		{CEF242C5-E9A3-403B-BAFF-99397BDA5730}.Debug|Itanium.ActiveCfg = Debug|Win32
		{CEF242C5-E9A3-403B-BAFF-99397BDA5730}.Debug|Mixed Platforms.ActiveCfg = Debug|Win32
		{CEF242C5-E9A3-403B-BAFF-99397BDA5730}.Debug|Mixed Platforms.Build.0 = Debug|Win32
		{CEF242C5-E9A3-403B-BAFF-99397BDA5730}.Debug|Win32.ActiveCfg = Debug|Win32
		{CEF242C5-E9A3-403B-BAFF-99397BDA5730}.Debug|Win32.Build.0 = Debug|Win32
		{CEF242C5-E9A3-403B-BAFF-99397BDA5730}.Debug|x64.ActiveCfg = Debug|Win32
		{CEF242C5-E9A3-403B-BAFF-99397BDA5730}.Debug|x86.ActiveCfg = Debug|Win32
		{CEF242C5-E9A3-403B-BAFF-99397BDA5730}.Debug|x86.Build.0 = Debug|Win32
		{CEF242C5-E9A3-403B-BAFF-99397BDA5730}.Release|Any CPU.ActiveCfg = Release|Win32
		{CEF242C5-E9A3-403B-BAFF-99397BDA5730}.Release|Itanium.ActiveCfg = Release|Win32
		{CEF242C5-E9A3-403B-BAFF-99397BDA5730}.Release|Mixed Platforms.ActiveCfg = Release|Win32
		{CEF242C5-E9A3-403B-BAFF-99397BDA5730}.Release|Mixed Platforms.Build.0 = Release|Win32
		{CEF242C5-E9A3-403B-BAFF-99397BDA5730}.Release|Win32.ActiveCfg = Release|Win32
		{CEF242C5-E9A3-403B-BAFF-99397BDA5730}.Release|Win32.Build.0 = Release|Win32
		{CEF242C5-E9A3-403B-BAFF-99397BDA5730}.Release|x64.ActiveCfg = Release|Win32
		{CEF242C5-E9A3-403B-BAFF-99397BDA5730}.Release|x86.ActiveCfg = Release|Win32
		{42F497A4-0347-491D-8FA8-50E4D8AD19EB}.Debug|Any CPU.ActiveCfg = Debug|Any CPU
		{42F497A4-0347-491D-8FA8-50E4D8AD19EB}.Debug|Any CPU.Build.0 = Debug|Any CPU
		{42F497A4-0347-491D-8FA8-50E4D8AD19EB}.Debug|Itanium.ActiveCfg = Debug|Itanium
		{42F497A4-0347-491D-8FA8-50E4D8AD19EB}.Debug|Itanium.Build.0 = Debug|Itanium
		{42F497A4-0347-491D-8FA8-50E4D8AD19EB}.Debug|Mixed Platforms.ActiveCfg = Debug|Any CPU
		{42F497A4-0347-491D-8FA8-50E4D8AD19EB}.Debug|Mixed Platforms.Build.0 = Debug|Any CPU
		{42F497A4-0347-491D-8FA8-50E4D8AD19EB}.Debug|Win32.ActiveCfg = Debug|x86
		{42F497A4-0347-491D-8FA8-50E4D8AD19EB}.Debug|x64.ActiveCfg = Debug|x64
		{42F497A4-0347-491D-8FA8-50E4D8AD19EB}.Debug|x64.Build.0 = Debug|x64
		{42F497A4-0347-491D-8FA8-50E4D8AD19EB}.Debug|x86.ActiveCfg = Debug|x86
		{42F497A4-0347-491D-8FA8-50E4D8AD19EB}.Debug|x86.Build.0 = Debug|x86
		{42F497A4-0347-491D-8FA8-50E4D8AD19EB}.Release|Any CPU.ActiveCfg = Release|Any CPU
		{42F497A4-0347-491D-8FA8-50E4D8AD19EB}.Release|Any CPU.Build.0 = Release|Any CPU
		{42F497A4-0347-491D-8FA8-50E4D8AD19EB}.Release|Itanium.ActiveCfg = Release|Itanium
		{42F497A4-0347-491D-8FA8-50E4D8AD19EB}.Release|Itanium.Build.0 = Release|Itanium
		{42F497A4-0347-491D-8FA8-50E4D8AD19EB}.Release|Mixed Platforms.ActiveCfg = Release|x86
		{42F497A4-0347-491D-8FA8-50E4D8AD19EB}.Release|Mixed Platforms.Build.0 = Release|x86
		{42F497A4-0347-491D-8FA8-50E4D8AD19EB}.Release|Win32.ActiveCfg = Release|x86
		{42F497A4-0347-491D-8FA8-50E4D8AD19EB}.Release|x64.ActiveCfg = Release|x64
		{42F497A4-0347-491D-8FA8-50E4D8AD19EB}.Release|x64.Build.0 = Release|x64
		{42F497A4-0347-491D-8FA8-50E4D8AD19EB}.Release|x86.ActiveCfg = Release|x86
		{42F497A4-0347-491D-8FA8-50E4D8AD19EB}.Release|x86.Build.0 = Release|x86
		{5F96293A-1276-4515-8048-EBC49CD81D71}.Debug|Any CPU.ActiveCfg = Debug|Any CPU
		{5F96293A-1276-4515-8048-EBC49CD81D71}.Debug|Any CPU.Build.0 = Debug|Any CPU
		{5F96293A-1276-4515-8048-EBC49CD81D71}.Debug|Itanium.ActiveCfg = Debug|Itanium
		{5F96293A-1276-4515-8048-EBC49CD81D71}.Debug|Itanium.Build.0 = Debug|Itanium
		{5F96293A-1276-4515-8048-EBC49CD81D71}.Debug|Mixed Platforms.ActiveCfg = Debug|Any CPU
		{5F96293A-1276-4515-8048-EBC49CD81D71}.Debug|Mixed Platforms.Build.0 = Debug|Any CPU
		{5F96293A-1276-4515-8048-EBC49CD81D71}.Debug|Win32.ActiveCfg = Debug|Itanium
		{5F96293A-1276-4515-8048-EBC49CD81D71}.Debug|x64.ActiveCfg = Debug|x64
		{5F96293A-1276-4515-8048-EBC49CD81D71}.Debug|x64.Build.0 = Debug|x64
		{5F96293A-1276-4515-8048-EBC49CD81D71}.Debug|x86.ActiveCfg = Debug|x86
		{5F96293A-1276-4515-8048-EBC49CD81D71}.Debug|x86.Build.0 = Debug|x86
		{5F96293A-1276-4515-8048-EBC49CD81D71}.Release|Any CPU.ActiveCfg = Release|Any CPU
		{5F96293A-1276-4515-8048-EBC49CD81D71}.Release|Any CPU.Build.0 = Release|Any CPU
		{5F96293A-1276-4515-8048-EBC49CD81D71}.Release|Itanium.ActiveCfg = Release|Itanium
		{5F96293A-1276-4515-8048-EBC49CD81D71}.Release|Itanium.Build.0 = Release|Itanium
		{5F96293A-1276-4515-8048-EBC49CD81D71}.Release|Mixed Platforms.ActiveCfg = Release|Itanium
		{5F96293A-1276-4515-8048-EBC49CD81D71}.Release|Mixed Platforms.Build.0 = Release|Itanium
		{5F96293A-1276-4515-8048-EBC49CD81D71}.Release|Win32.ActiveCfg = Release|Itanium
		{5F96293A-1276-4515-8048-EBC49CD81D71}.Release|x64.ActiveCfg = Release|x64
		{5F96293A-1276-4515-8048-EBC49CD81D71}.Release|x64.Build.0 = Release|x64
		{5F96293A-1276-4515-8048-EBC49CD81D71}.Release|x86.ActiveCfg = Release|x86
		{5F96293A-1276-4515-8048-EBC49CD81D71}.Release|x86.Build.0 = Release|x86
		{F753AF28-A251-4C12-9335-07E8236184F2}.Debug|Any CPU.ActiveCfg = Debug|Any CPU
		{F753AF28-A251-4C12-9335-07E8236184F2}.Debug|Any CPU.Build.0 = Debug|Any CPU
		{F753AF28-A251-4C12-9335-07E8236184F2}.Debug|Itanium.ActiveCfg = Debug|Itanium
		{F753AF28-A251-4C12-9335-07E8236184F2}.Debug|Itanium.Build.0 = Debug|Itanium
		{F753AF28-A251-4C12-9335-07E8236184F2}.Debug|Mixed Platforms.ActiveCfg = Debug|Any CPU
		{F753AF28-A251-4C12-9335-07E8236184F2}.Debug|Mixed Platforms.Build.0 = Debug|Any CPU
		{F753AF28-A251-4C12-9335-07E8236184F2}.Debug|Win32.ActiveCfg = Debug|x86
		{F753AF28-A251-4C12-9335-07E8236184F2}.Debug|x64.ActiveCfg = Debug|x64
		{F753AF28-A251-4C12-9335-07E8236184F2}.Debug|x64.Build.0 = Debug|x64
		{F753AF28-A251-4C12-9335-07E8236184F2}.Debug|x86.ActiveCfg = Debug|x86
		{F753AF28-A251-4C12-9335-07E8236184F2}.Debug|x86.Build.0 = Debug|x86
		{F753AF28-A251-4C12-9335-07E8236184F2}.Release|Any CPU.ActiveCfg = Release|Any CPU
		{F753AF28-A251-4C12-9335-07E8236184F2}.Release|Any CPU.Build.0 = Release|Any CPU
		{F753AF28-A251-4C12-9335-07E8236184F2}.Release|Itanium.ActiveCfg = Release|Itanium
		{F753AF28-A251-4C12-9335-07E8236184F2}.Release|Itanium.Build.0 = Release|Itanium
		{F753AF28-A251-4C12-9335-07E8236184F2}.Release|Mixed Platforms.ActiveCfg = Release|x86
		{F753AF28-A251-4C12-9335-07E8236184F2}.Release|Mixed Platforms.Build.0 = Release|x86
		{F753AF28-A251-4C12-9335-07E8236184F2}.Release|Win32.ActiveCfg = Release|x86
		{F753AF28-A251-4C12-9335-07E8236184F2}.Release|x64.ActiveCfg = Release|x64
		{F753AF28-A251-4C12-9335-07E8236184F2}.Release|x64.Build.0 = Release|x64
		{F753AF28-A251-4C12-9335-07E8236184F2}.Release|x86.ActiveCfg = Release|x86
		{F753AF28-A251-4C12-9335-07E8236184F2}.Release|x86.Build.0 = Release|x86
		{50901DA0-6AAE-402B-9BD1-0FF9BA36546C}.Debug|Any CPU.ActiveCfg = Debug|Win32
		{50901DA0-6AAE-402B-9BD1-0FF9BA36546C}.Debug|Itanium.ActiveCfg = Debug|Win32
		{50901DA0-6AAE-402B-9BD1-0FF9BA36546C}.Debug|Mixed Platforms.ActiveCfg = Debug|Win32
		{50901DA0-6AAE-402B-9BD1-0FF9BA36546C}.Debug|Mixed Platforms.Build.0 = Debug|Win32
		{50901DA0-6AAE-402B-9BD1-0FF9BA36546C}.Debug|Win32.ActiveCfg = Debug|Win32
		{50901DA0-6AAE-402B-9BD1-0FF9BA36546C}.Debug|Win32.Build.0 = Debug|Win32
		{50901DA0-6AAE-402B-9BD1-0FF9BA36546C}.Debug|x64.ActiveCfg = Debug|Win32
		{50901DA0-6AAE-402B-9BD1-0FF9BA36546C}.Debug|x86.ActiveCfg = Debug|Win32
		{50901DA0-6AAE-402B-9BD1-0FF9BA36546C}.Debug|x86.Build.0 = Debug|Win32
		{50901DA0-6AAE-402B-9BD1-0FF9BA36546C}.Release|Any CPU.ActiveCfg = Release|Win32
		{50901DA0-6AAE-402B-9BD1-0FF9BA36546C}.Release|Itanium.ActiveCfg = Release|Win32
		{50901DA0-6AAE-402B-9BD1-0FF9BA36546C}.Release|Mixed Platforms.ActiveCfg = Release|Win32
		{50901DA0-6AAE-402B-9BD1-0FF9BA36546C}.Release|Mixed Platforms.Build.0 = Release|Win32
		{50901DA0-6AAE-402B-9BD1-0FF9BA36546C}.Release|Win32.ActiveCfg = Release|Win32
		{50901DA0-6AAE-402B-9BD1-0FF9BA36546C}.Release|Win32.Build.0 = Release|Win32
		{50901DA0-6AAE-402B-9BD1-0FF9BA36546C}.Release|x64.ActiveCfg = Release|Win32
		{50901DA0-6AAE-402B-9BD1-0FF9BA36546C}.Release|x86.ActiveCfg = Release|Win32
		{5F86593D-8412-46C2-9438-A0D7FE21DB14}.Debug|Any CPU.ActiveCfg = Debug|Any CPU
		{5F86593D-8412-46C2-9438-A0D7FE21DB14}.Debug|Any CPU.Build.0 = Debug|Any CPU
		{5F86593D-8412-46C2-9438-A0D7FE21DB14}.Debug|Itanium.ActiveCfg = Debug|Any CPU
		{5F86593D-8412-46C2-9438-A0D7FE21DB14}.Debug|Mixed Platforms.ActiveCfg = Debug|Any CPU
		{5F86593D-8412-46C2-9438-A0D7FE21DB14}.Debug|Mixed Platforms.Build.0 = Debug|Any CPU
		{5F86593D-8412-46C2-9438-A0D7FE21DB14}.Debug|Win32.ActiveCfg = Debug|Any CPU
		{5F86593D-8412-46C2-9438-A0D7FE21DB14}.Debug|x64.ActiveCfg = Debug|Any CPU
		{5F86593D-8412-46C2-9438-A0D7FE21DB14}.Debug|x86.ActiveCfg = Debug|Any CPU
		{5F86593D-8412-46C2-9438-A0D7FE21DB14}.Release|Any CPU.ActiveCfg = Release|Any CPU
		{5F86593D-8412-46C2-9438-A0D7FE21DB14}.Release|Any CPU.Build.0 = Release|Any CPU
		{5F86593D-8412-46C2-9438-A0D7FE21DB14}.Release|Itanium.ActiveCfg = Release|Any CPU
		{5F86593D-8412-46C2-9438-A0D7FE21DB14}.Release|Mixed Platforms.ActiveCfg = Release|Any CPU
		{5F86593D-8412-46C2-9438-A0D7FE21DB14}.Release|Mixed Platforms.Build.0 = Release|Any CPU
		{5F86593D-8412-46C2-9438-A0D7FE21DB14}.Release|Win32.ActiveCfg = Release|Any CPU
		{5F86593D-8412-46C2-9438-A0D7FE21DB14}.Release|x64.ActiveCfg = Release|Any CPU
		{5F86593D-8412-46C2-9438-A0D7FE21DB14}.Release|x86.ActiveCfg = Release|Any CPU
		{EEA9DEB6-8EA6-46F1-B1B7-AB38D8BBCA6C}.Debug|Any CPU.ActiveCfg = Debug|Any CPU
		{EEA9DEB6-8EA6-46F1-B1B7-AB38D8BBCA6C}.Debug|Any CPU.Build.0 = Debug|Any CPU
		{EEA9DEB6-8EA6-46F1-B1B7-AB38D8BBCA6C}.Debug|Itanium.ActiveCfg = Debug|Itanium
		{EEA9DEB6-8EA6-46F1-B1B7-AB38D8BBCA6C}.Debug|Itanium.Build.0 = Debug|Itanium
		{EEA9DEB6-8EA6-46F1-B1B7-AB38D8BBCA6C}.Debug|Mixed Platforms.ActiveCfg = Debug|Any CPU
		{EEA9DEB6-8EA6-46F1-B1B7-AB38D8BBCA6C}.Debug|Mixed Platforms.Build.0 = Debug|Any CPU
		{EEA9DEB6-8EA6-46F1-B1B7-AB38D8BBCA6C}.Debug|Win32.ActiveCfg = Debug|Itanium
		{EEA9DEB6-8EA6-46F1-B1B7-AB38D8BBCA6C}.Debug|x64.ActiveCfg = Debug|x64
		{EEA9DEB6-8EA6-46F1-B1B7-AB38D8BBCA6C}.Debug|x64.Build.0 = Debug|x64
		{EEA9DEB6-8EA6-46F1-B1B7-AB38D8BBCA6C}.Debug|x86.ActiveCfg = Debug|x86
		{EEA9DEB6-8EA6-46F1-B1B7-AB38D8BBCA6C}.Debug|x86.Build.0 = Debug|x86
		{EEA9DEB6-8EA6-46F1-B1B7-AB38D8BBCA6C}.Release|Any CPU.ActiveCfg = Release|Any CPU
		{EEA9DEB6-8EA6-46F1-B1B7-AB38D8BBCA6C}.Release|Any CPU.Build.0 = Release|Any CPU
		{EEA9DEB6-8EA6-46F1-B1B7-AB38D8BBCA6C}.Release|Itanium.ActiveCfg = Release|Itanium
		{EEA9DEB6-8EA6-46F1-B1B7-AB38D8BBCA6C}.Release|Itanium.Build.0 = Release|Itanium
		{EEA9DEB6-8EA6-46F1-B1B7-AB38D8BBCA6C}.Release|Mixed Platforms.ActiveCfg = Release|Itanium
		{EEA9DEB6-8EA6-46F1-B1B7-AB38D8BBCA6C}.Release|Mixed Platforms.Build.0 = Release|Itanium
		{EEA9DEB6-8EA6-46F1-B1B7-AB38D8BBCA6C}.Release|Win32.ActiveCfg = Release|Itanium
		{EEA9DEB6-8EA6-46F1-B1B7-AB38D8BBCA6C}.Release|x64.ActiveCfg = Release|x64
		{EEA9DEB6-8EA6-46F1-B1B7-AB38D8BBCA6C}.Release|x64.Build.0 = Release|x64
		{EEA9DEB6-8EA6-46F1-B1B7-AB38D8BBCA6C}.Release|x86.ActiveCfg = Release|x86
		{EEA9DEB6-8EA6-46F1-B1B7-AB38D8BBCA6C}.Release|x86.Build.0 = Release|x86
		{A38FAA6D-86B5-4429-85D0-BC93EB5E2C56}.Debug|Any CPU.ActiveCfg = Debug|Any CPU
		{A38FAA6D-86B5-4429-85D0-BC93EB5E2C56}.Debug|Any CPU.Build.0 = Debug|Any CPU
		{A38FAA6D-86B5-4429-85D0-BC93EB5E2C56}.Debug|Itanium.ActiveCfg = Debug|Itanium
		{A38FAA6D-86B5-4429-85D0-BC93EB5E2C56}.Debug|Itanium.Build.0 = Debug|Itanium
		{A38FAA6D-86B5-4429-85D0-BC93EB5E2C56}.Debug|Mixed Platforms.ActiveCfg = Debug|Any CPU
		{A38FAA6D-86B5-4429-85D0-BC93EB5E2C56}.Debug|Mixed Platforms.Build.0 = Debug|Any CPU
		{A38FAA6D-86B5-4429-85D0-BC93EB5E2C56}.Debug|Win32.ActiveCfg = Debug|Itanium
		{A38FAA6D-86B5-4429-85D0-BC93EB5E2C56}.Debug|x64.ActiveCfg = Debug|x64
		{A38FAA6D-86B5-4429-85D0-BC93EB5E2C56}.Debug|x64.Build.0 = Debug|x64
		{A38FAA6D-86B5-4429-85D0-BC93EB5E2C56}.Debug|x86.ActiveCfg = Debug|x86
		{A38FAA6D-86B5-4429-85D0-BC93EB5E2C56}.Debug|x86.Build.0 = Debug|x86
		{A38FAA6D-86B5-4429-85D0-BC93EB5E2C56}.Release|Any CPU.ActiveCfg = Release|Any CPU
		{A38FAA6D-86B5-4429-85D0-BC93EB5E2C56}.Release|Any CPU.Build.0 = Release|Any CPU
		{A38FAA6D-86B5-4429-85D0-BC93EB5E2C56}.Release|Itanium.ActiveCfg = Release|Itanium
		{A38FAA6D-86B5-4429-85D0-BC93EB5E2C56}.Release|Itanium.Build.0 = Release|Itanium
		{A38FAA6D-86B5-4429-85D0-BC93EB5E2C56}.Release|Mixed Platforms.ActiveCfg = Release|Itanium
		{A38FAA6D-86B5-4429-85D0-BC93EB5E2C56}.Release|Mixed Platforms.Build.0 = Release|Itanium
		{A38FAA6D-86B5-4429-85D0-BC93EB5E2C56}.Release|Win32.ActiveCfg = Release|Itanium
		{A38FAA6D-86B5-4429-85D0-BC93EB5E2C56}.Release|x64.ActiveCfg = Release|x64
		{A38FAA6D-86B5-4429-85D0-BC93EB5E2C56}.Release|x64.Build.0 = Release|x64
		{A38FAA6D-86B5-4429-85D0-BC93EB5E2C56}.Release|x86.ActiveCfg = Release|x86
		{A38FAA6D-86B5-4429-85D0-BC93EB5E2C56}.Release|x86.Build.0 = Release|x86
		{B02815C5-A0CB-443F-A005-8AC8F8F2D3EB}.Debug|Any CPU.ActiveCfg = Debug|Any CPU
		{B02815C5-A0CB-443F-A005-8AC8F8F2D3EB}.Debug|Any CPU.Build.0 = Debug|Any CPU
		{B02815C5-A0CB-443F-A005-8AC8F8F2D3EB}.Debug|Itanium.ActiveCfg = Debug|Any CPU
		{B02815C5-A0CB-443F-A005-8AC8F8F2D3EB}.Debug|Mixed Platforms.ActiveCfg = Debug|Any CPU
		{B02815C5-A0CB-443F-A005-8AC8F8F2D3EB}.Debug|Mixed Platforms.Build.0 = Debug|Any CPU
		{B02815C5-A0CB-443F-A005-8AC8F8F2D3EB}.Debug|Win32.ActiveCfg = Debug|Any CPU
		{B02815C5-A0CB-443F-A005-8AC8F8F2D3EB}.Debug|x64.ActiveCfg = Debug|x86
		{B02815C5-A0CB-443F-A005-8AC8F8F2D3EB}.Debug|x86.ActiveCfg = Debug|x86
		{B02815C5-A0CB-443F-A005-8AC8F8F2D3EB}.Debug|x86.Build.0 = Debug|x86
		{B02815C5-A0CB-443F-A005-8AC8F8F2D3EB}.Release|Any CPU.ActiveCfg = Release|Any CPU
		{B02815C5-A0CB-443F-A005-8AC8F8F2D3EB}.Release|Any CPU.Build.0 = Release|Any CPU
		{B02815C5-A0CB-443F-A005-8AC8F8F2D3EB}.Release|Itanium.ActiveCfg = Release|Any CPU
		{B02815C5-A0CB-443F-A005-8AC8F8F2D3EB}.Release|Mixed Platforms.ActiveCfg = Release|Any CPU
		{B02815C5-A0CB-443F-A005-8AC8F8F2D3EB}.Release|Mixed Platforms.Build.0 = Release|Any CPU
		{B02815C5-A0CB-443F-A005-8AC8F8F2D3EB}.Release|Win32.ActiveCfg = Release|Any CPU
		{B02815C5-A0CB-443F-A005-8AC8F8F2D3EB}.Release|x64.ActiveCfg = Release|x86
		{B02815C5-A0CB-443F-A005-8AC8F8F2D3EB}.Release|x86.ActiveCfg = Release|x86
		{B02815C5-A0CB-443F-A005-8AC8F8F2D3EB}.Release|x86.Build.0 = Release|x86
		{6C52AEC1-2920-4E34-83A2-93E6E719D1B8}.Debug|Any CPU.ActiveCfg = Debug|Any CPU
		{6C52AEC1-2920-4E34-83A2-93E6E719D1B8}.Debug|Any CPU.Build.0 = Debug|Any CPU
		{6C52AEC1-2920-4E34-83A2-93E6E719D1B8}.Debug|Itanium.ActiveCfg = Debug|Itanium
		{6C52AEC1-2920-4E34-83A2-93E6E719D1B8}.Debug|Itanium.Build.0 = Debug|Itanium
		{6C52AEC1-2920-4E34-83A2-93E6E719D1B8}.Debug|Mixed Platforms.ActiveCfg = Debug|Itanium
		{6C52AEC1-2920-4E34-83A2-93E6E719D1B8}.Debug|Mixed Platforms.Build.0 = Debug|Itanium
		{6C52AEC1-2920-4E34-83A2-93E6E719D1B8}.Debug|Win32.ActiveCfg = Debug|Itanium
		{6C52AEC1-2920-4E34-83A2-93E6E719D1B8}.Debug|x64.ActiveCfg = Debug|x64
		{6C52AEC1-2920-4E34-83A2-93E6E719D1B8}.Debug|x64.Build.0 = Debug|x64
		{6C52AEC1-2920-4E34-83A2-93E6E719D1B8}.Debug|x86.ActiveCfg = Debug|x86
		{6C52AEC1-2920-4E34-83A2-93E6E719D1B8}.Debug|x86.Build.0 = Debug|x86
		{6C52AEC1-2920-4E34-83A2-93E6E719D1B8}.Release|Any CPU.ActiveCfg = Release|Any CPU
		{6C52AEC1-2920-4E34-83A2-93E6E719D1B8}.Release|Any CPU.Build.0 = Release|Any CPU
		{6C52AEC1-2920-4E34-83A2-93E6E719D1B8}.Release|Itanium.ActiveCfg = Release|Itanium
		{6C52AEC1-2920-4E34-83A2-93E6E719D1B8}.Release|Itanium.Build.0 = Release|Itanium
		{6C52AEC1-2920-4E34-83A2-93E6E719D1B8}.Release|Mixed Platforms.ActiveCfg = Release|Itanium
		{6C52AEC1-2920-4E34-83A2-93E6E719D1B8}.Release|Mixed Platforms.Build.0 = Release|Itanium
		{6C52AEC1-2920-4E34-83A2-93E6E719D1B8}.Release|Win32.ActiveCfg = Release|Itanium
		{6C52AEC1-2920-4E34-83A2-93E6E719D1B8}.Release|x64.ActiveCfg = Release|x64
		{6C52AEC1-2920-4E34-83A2-93E6E719D1B8}.Release|x64.Build.0 = Release|x64
		{6C52AEC1-2920-4E34-83A2-93E6E719D1B8}.Release|x86.ActiveCfg = Release|x86
		{6C52AEC1-2920-4E34-83A2-93E6E719D1B8}.Release|x86.Build.0 = Release|x86
	EndGlobalSection
	GlobalSection(SolutionProperties) = preSolution
		HideSolutionNode = FALSE
	EndGlobalSection
	GlobalSection(NestedProjects) = preSolution
		{CEF242C5-E9A3-403B-BAFF-99397BDA5730} = {D2D4F191-F110-4644-B7D2-20F45692795B}
		{50901DA0-6AAE-402B-9BD1-0FF9BA36546C} = {D2D4F191-F110-4644-B7D2-20F45692795B}
		{42F497A4-0347-491D-8FA8-50E4D8AD19EB} = {7B540487-37B6-47D6-A391-AA2F5AEC01FA}
		{5F96293A-1276-4515-8048-EBC49CD81D71} = {7B540487-37B6-47D6-A391-AA2F5AEC01FA}
		{F753AF28-A251-4C12-9335-07E8236184F2} = {7B540487-37B6-47D6-A391-AA2F5AEC01FA}
		{EEA9DEB6-8EA6-46F1-B1B7-AB38D8BBCA6C} = {7B540487-37B6-47D6-A391-AA2F5AEC01FA}
		{A38FAA6D-86B5-4429-85D0-BC93EB5E2C56} = {7B540487-37B6-47D6-A391-AA2F5AEC01FA}
	EndGlobalSection
EndGlobal
